
Microsoft Visual Studio Solution File, Format Version 12.00
# Visual Studio Version 17
VisualStudioVersion = 17.10.35027.167
MinimumVisualStudioVersion = 10.0.40219.1
Project("{FAE04EC0-301F-11D3-BF4B-00C04F79EFBC}") = "Serveur", "Serveur\Serveur.csproj", "{120320FF-195D-4594-B11F-3C32E2AFF15C}"
EndProject
Project("{FAE04EC0-301F-11D3-BF4B-00C04F79EFBC}") = "ServerApp", "ServerApp\ServerApp.csproj", "{F220403B-B2DE-45E1-89C8-4275CF5F9824}"
EndProject
Global
	GlobalSection(SolutionConfigurationPlatforms) = preSolution
		Debug|Any CPU = Debug|Any CPU
		Release|Any CPU = Release|Any CPU
	EndGlobalSection
	GlobalSection(ProjectConfigurationPlatforms) = postSolution
		{120320FF-195D-4594-B11F-3C32E2AFF15C}.Debug|Any CPU.ActiveCfg = Debug|Any CPU
		{120320FF-195D-4594-B11F-3C32E2AFF15C}.Debug|Any CPU.Build.0 = Debug|Any CPU
		{120320FF-195D-4594-B11F-3C32E2AFF15C}.Release|Any CPU.ActiveCfg = Release|Any CPU
		{120320FF-195D-4594-B11F-3C32E2AFF15C}.Release|Any CPU.Build.0 = Release|Any CPU
		{F220403B-B2DE-45E1-89C8-4275CF5F9824}.Debug|Any CPU.ActiveCfg = Debug|Any CPU
		{F220403B-B2DE-45E1-89C8-4275CF5F9824}.Debug|Any CPU.Build.0 = Debug|Any CPU
		{F220403B-B2DE-45E1-89C8-4275CF5F9824}.Release|Any CPU.ActiveCfg = Release|Any CPU
		{F220403B-B2DE-45E1-89C8-4275CF5F9824}.Release|Any CPU.Build.0 = Release|Any CPU
	EndGlobalSection
	GlobalSection(SolutionProperties) = preSolution
		HideSolutionNode = FALSE
	EndGlobalSection
	GlobalSection(ExtensibilityGlobals) = postSolution
		SolutionGuid = {0FC4C9E8-7BCB-47D7-9E15-2DB553BB3902}
	EndGlobalSection
EndGlobal
